// !$*UTF8*$!
{
	archiveVersion = 1;
	classes = {
	};
	objectVersion = 46;
	objects = {

/* Begin PBXBuildFile section */
		6E1EC4A01AA2A5B40036EC11 /* AppDelegate.swift in Sources */ = {isa = PBXBuildFile; fileRef = 6E1EC49F1AA2A5B40036EC11 /* AppDelegate.swift */; };
		6E1EC4A21AA2A5B40036EC11 /* Images.xcassets in Resources */ = {isa = PBXBuildFile; fileRef = 6E1EC4A11AA2A5B40036EC11 /* Images.xcassets */; };
		6E1EC4A51AA2A5B40036EC11 /* MainMenu.xib in Resources */ = {isa = PBXBuildFile; fileRef = 6E1EC4A31AA2A5B40036EC11 /* MainMenu.xib */; };
		6E1EC4B11AA2A5B40036EC11 /* CountdownWidgetTests.swift in Sources */ = {isa = PBXBuildFile; fileRef = 6E1EC4B01AA2A5B40036EC11 /* CountdownWidgetTests.swift */; };
		6E1EC4C11AA2A5D60036EC11 /* NotificationCenter.framework in Frameworks */ = {isa = PBXBuildFile; fileRef = 6E1EC4C01AA2A5D60036EC11 /* NotificationCenter.framework */; };
		6E1EC4C81AA2A5D60036EC11 /* InfoPlist.strings in Resources */ = {isa = PBXBuildFile; fileRef = 6E1EC4C61AA2A5D60036EC11 /* InfoPlist.strings */; };
		6E1EC4CA1AA2A5D60036EC11 /* TodayViewController.swift in Sources */ = {isa = PBXBuildFile; fileRef = 6E1EC4C91AA2A5D60036EC11 /* TodayViewController.swift */; };
		6E1EC4CC1AA2A5D60036EC11 /* TodayViewController.xib in Resources */ = {isa = PBXBuildFile; fileRef = 6E1EC4CB1AA2A5D60036EC11 /* TodayViewController.xib */; };
		6E1EC4CF1AA2A5D60036EC11 /* CountdownTodayWidget.appex in Embed App Extensions */ = {isa = PBXBuildFile; fileRef = 6E1EC4BE1AA2A5D60036EC11 /* CountdownTodayWidget.appex */; settings = {ATTRIBUTES = (RemoveHeadersOnCopy, ); }; };
/* End PBXBuildFile section */

/* Begin PBXContainerItemProxy section */
		6E1EC4AB1AA2A5B40036EC11 /* PBXContainerItemProxy */ = {
			isa = PBXContainerItemProxy;
			containerPortal = 6E1EC4921AA2A5B40036EC11 /* Project object */;
			proxyType = 1;
			remoteGlobalIDString = 6E1EC4991AA2A5B40036EC11;
			remoteInfo = CountdownWidget;
		};
		6E1EC4CD1AA2A5D60036EC11 /* PBXContainerItemProxy */ = {
			isa = PBXContainerItemProxy;
			containerPortal = 6E1EC4921AA2A5B40036EC11 /* Project object */;
			proxyType = 1;
			remoteGlobalIDString = 6E1EC4BD1AA2A5D60036EC11;
			remoteInfo = CountdownTodayWidget;
		};
/* End PBXContainerItemProxy section */

/* Begin PBXCopyFilesBuildPhase section */
		6E1EC4D31AA2A5D60036EC11 /* Embed App Extensions */ = {
			isa = PBXCopyFilesBuildPhase;
			buildActionMask = 2147483647;
			dstPath = "";
			dstSubfolderSpec = 13;
			files = (
				6E1EC4CF1AA2A5D60036EC11 /* CountdownTodayWidget.appex in Embed App Extensions */,
			);
			name = "Embed App Extensions";
			runOnlyForDeploymentPostprocessing = 0;
		};
/* End PBXCopyFilesBuildPhase section */

/* Begin PBXFileReference section */
		6E1EC49A1AA2A5B40036EC11 /* CountdownWidget.app */ = {isa = PBXFileReference; explicitFileType = wrapper.application; includeInIndex = 0; path = CountdownWidget.app; sourceTree = BUILT_PRODUCTS_DIR; };
		6E1EC49E1AA2A5B40036EC11 /* Info.plist */ = {isa = PBXFileReference; lastKnownFileType = text.plist.xml; path = Info.plist; sourceTree = "<group>"; };
		6E1EC49F1AA2A5B40036EC11 /* AppDelegate.swift */ = {isa = PBXFileReference; lastKnownFileType = sourcecode.swift; path = AppDelegate.swift; sourceTree = "<group>"; };
		6E1EC4A11AA2A5B40036EC11 /* Images.xcassets */ = {isa = PBXFileReference; lastKnownFileType = folder.assetcatalog; path = Images.xcassets; sourceTree = "<group>"; };
		6E1EC4A41AA2A5B40036EC11 /* Base */ = {isa = PBXFileReference; lastKnownFileType = file.xib; name = Base; path = Base.lproj/MainMenu.xib; sourceTree = "<group>"; };
		6E1EC4AA1AA2A5B40036EC11 /* CountdownWidgetTests.xctest */ = {isa = PBXFileReference; explicitFileType = wrapper.cfbundle; includeInIndex = 0; path = CountdownWidgetTests.xctest; sourceTree = BUILT_PRODUCTS_DIR; };
		6E1EC4AF1AA2A5B40036EC11 /* Info.plist */ = {isa = PBXFileReference; lastKnownFileType = text.plist.xml; path = Info.plist; sourceTree = "<group>"; };
		6E1EC4B01AA2A5B40036EC11 /* CountdownWidgetTests.swift */ = {isa = PBXFileReference; lastKnownFileType = sourcecode.swift; path = CountdownWidgetTests.swift; sourceTree = "<group>"; };
		6E1EC4BE1AA2A5D60036EC11 /* CountdownTodayWidget.appex */ = {isa = PBXFileReference; explicitFileType = "wrapper.app-extension"; includeInIndex = 0; path = CountdownTodayWidget.appex; sourceTree = BUILT_PRODUCTS_DIR; };
		6E1EC4C01AA2A5D60036EC11 /* NotificationCenter.framework */ = {isa = PBXFileReference; lastKnownFileType = wrapper.framework; name = NotificationCenter.framework; path = System/Library/Frameworks/NotificationCenter.framework; sourceTree = SDKROOT; };
		6E1EC4C41AA2A5D60036EC11 /* Info.plist */ = {isa = PBXFileReference; lastKnownFileType = text.plist.xml; path = Info.plist; sourceTree = "<group>"; };
		6E1EC4C51AA2A5D60036EC11 /* CountdownTodayWidget.entitlements */ = {isa = PBXFileReference; lastKnownFileType = text.xml; path = CountdownTodayWidget.entitlements; sourceTree = "<group>"; };
		6E1EC4C71AA2A5D60036EC11 /* en */ = {isa = PBXFileReference; lastKnownFileType = text.plist.strings; name = en; path = en.lproj/InfoPlist.strings; sourceTree = "<group>"; };
		6E1EC4C91AA2A5D60036EC11 /* TodayViewController.swift */ = {isa = PBXFileReference; lastKnownFileType = sourcecode.swift; path = TodayViewController.swift; sourceTree = "<group>"; };
		6E1EC4CB1AA2A5D60036EC11 /* TodayViewController.xib */ = {isa = PBXFileReference; lastKnownFileType = file.xib; path = TodayViewController.xib; sourceTree = "<group>"; };
/* End PBXFileReference section */

/* Begin PBXFrameworksBuildPhase section */
		6E1EC4971AA2A5B40036EC11 /* Frameworks */ = {
			isa = PBXFrameworksBuildPhase;
			buildActionMask = 2147483647;
			files = (
			);
			runOnlyForDeploymentPostprocessing = 0;
		};
		6E1EC4A71AA2A5B40036EC11 /* Frameworks */ = {
			isa = PBXFrameworksBuildPhase;
			buildActionMask = 2147483647;
			files = (
			);
			runOnlyForDeploymentPostprocessing = 0;
		};
		6E1EC4BB1AA2A5D60036EC11 /* Frameworks */ = {
			isa = PBXFrameworksBuildPhase;
			buildActionMask = 2147483647;
			files = (
				6E1EC4C11AA2A5D60036EC11 /* NotificationCenter.framework in Frameworks */,
			);
			runOnlyForDeploymentPostprocessing = 0;
		};
/* End PBXFrameworksBuildPhase section */

/* Begin PBXGroup section */
		6E1EC4911AA2A5B40036EC11 = {
			isa = PBXGroup;
			children = (
				6E1EC49C1AA2A5B40036EC11 /* CountdownWidget */,
				6E1EC4AD1AA2A5B40036EC11 /* CountdownWidgetTests */,
				6E1EC4C21AA2A5D60036EC11 /* CountdownTodayWidget */,
				6E1EC4BF1AA2A5D60036EC11 /* Frameworks */,
				6E1EC49B1AA2A5B40036EC11 /* Products */,
			);
			sourceTree = "<group>";
		};
		6E1EC49B1AA2A5B40036EC11 /* Products */ = {
			isa = PBXGroup;
			children = (
				6E1EC49A1AA2A5B40036EC11 /* CountdownWidget.app */,
				6E1EC4AA1AA2A5B40036EC11 /* CountdownWidgetTests.xctest */,
				6E1EC4BE1AA2A5D60036EC11 /* CountdownTodayWidget.appex */,
			);
			name = Products;
			sourceTree = "<group>";
		};
		6E1EC49C1AA2A5B40036EC11 /* CountdownWidget */ = {
			isa = PBXGroup;
			children = (
				6E1EC49F1AA2A5B40036EC11 /* AppDelegate.swift */,
				6E1EC4A11AA2A5B40036EC11 /* Images.xcassets */,
				6E1EC4A31AA2A5B40036EC11 /* MainMenu.xib */,
				6E1EC49D1AA2A5B40036EC11 /* Supporting Files */,
			);
			path = CountdownWidget;
			sourceTree = "<group>";
		};
		6E1EC49D1AA2A5B40036EC11 /* Supporting Files */ = {
			isa = PBXGroup;
			children = (
				6E1EC49E1AA2A5B40036EC11 /* Info.plist */,
			);
			name = "Supporting Files";
			sourceTree = "<group>";
		};
		6E1EC4AD1AA2A5B40036EC11 /* CountdownWidgetTests */ = {
			isa = PBXGroup;
			children = (
				6E1EC4B01AA2A5B40036EC11 /* CountdownWidgetTests.swift */,
				6E1EC4AE1AA2A5B40036EC11 /* Supporting Files */,
			);
			path = CountdownWidgetTests;
			sourceTree = "<group>";
		};
		6E1EC4AE1AA2A5B40036EC11 /* Supporting Files */ = {
			isa = PBXGroup;
			children = (
				6E1EC4AF1AA2A5B40036EC11 /* Info.plist */,
			);
			name = "Supporting Files";
			sourceTree = "<group>";
		};
		6E1EC4BF1AA2A5D60036EC11 /* Frameworks */ = {
			isa = PBXGroup;
			children = (
				6E1EC4C01AA2A5D60036EC11 /* NotificationCenter.framework */,
			);
			name = Frameworks;
			sourceTree = "<group>";
		};
		6E1EC4C21AA2A5D60036EC11 /* CountdownTodayWidget */ = {
			isa = PBXGroup;
			children = (
				6E1EC4C91AA2A5D60036EC11 /* TodayViewController.swift */,
				6E1EC4CB1AA2A5D60036EC11 /* TodayViewController.xib */,
				6E1EC4C31AA2A5D60036EC11 /* Supporting Files */,
			);
			path = CountdownTodayWidget;
			sourceTree = "<group>";
		};
		6E1EC4C31AA2A5D60036EC11 /* Supporting Files */ = {
			isa = PBXGroup;
			children = (
				6E1EC4C41AA2A5D60036EC11 /* Info.plist */,
				6E1EC4C51AA2A5D60036EC11 /* CountdownTodayWidget.entitlements */,
				6E1EC4C61AA2A5D60036EC11 /* InfoPlist.strings */,
			);
			name = "Supporting Files";
			sourceTree = "<group>";
		};
/* End PBXGroup section */

/* Begin PBXNativeTarget section */
		6E1EC4991AA2A5B40036EC11 /* CountdownWidget */ = {
			isa = PBXNativeTarget;
			buildConfigurationList = 6E1EC4B41AA2A5B40036EC11 /* Build configuration list for PBXNativeTarget "CountdownWidget" */;
			buildPhases = (
				6E1EC4961AA2A5B40036EC11 /* Sources */,
				6E1EC4971AA2A5B40036EC11 /* Frameworks */,
				6E1EC4981AA2A5B40036EC11 /* Resources */,
				6E1EC4D31AA2A5D60036EC11 /* Embed App Extensions */,
			);
			buildRules = (
			);
			dependencies = (
				6E1EC4CE1AA2A5D60036EC11 /* PBXTargetDependency */,
			);
			name = CountdownWidget;
			productName = CountdownWidget;
			productReference = 6E1EC49A1AA2A5B40036EC11 /* CountdownWidget.app */;
			productType = "com.apple.product-type.application";
		};
		6E1EC4A91AA2A5B40036EC11 /* CountdownWidgetTests */ = {
			isa = PBXNativeTarget;
			buildConfigurationList = 6E1EC4B71AA2A5B40036EC11 /* Build configuration list for PBXNativeTarget "CountdownWidgetTests" */;
			buildPhases = (
				6E1EC4A61AA2A5B40036EC11 /* Sources */,
				6E1EC4A71AA2A5B40036EC11 /* Frameworks */,
				6E1EC4A81AA2A5B40036EC11 /* Resources */,
			);
			buildRules = (
			);
			dependencies = (
				6E1EC4AC1AA2A5B40036EC11 /* PBXTargetDependency */,
			);
			name = CountdownWidgetTests;
			productName = CountdownWidgetTests;
			productReference = 6E1EC4AA1AA2A5B40036EC11 /* CountdownWidgetTests.xctest */;
			productType = "com.apple.product-type.bundle.unit-test";
		};
		6E1EC4BD1AA2A5D60036EC11 /* CountdownTodayWidget */ = {
			isa = PBXNativeTarget;
			buildConfigurationList = 6E1EC4D01AA2A5D60036EC11 /* Build configuration list for PBXNativeTarget "CountdownTodayWidget" */;
			buildPhases = (
				6E1EC4BA1AA2A5D60036EC11 /* Sources */,
				6E1EC4BB1AA2A5D60036EC11 /* Frameworks */,
				6E1EC4BC1AA2A5D60036EC11 /* Resources */,
			);
			buildRules = (
			);
			dependencies = (
			);
			name = CountdownTodayWidget;
			productName = CountdownTodayWidget;
			productReference = 6E1EC4BE1AA2A5D60036EC11 /* CountdownTodayWidget.appex */;
			productType = "com.apple.product-type.app-extension";
		};
/* End PBXNativeTarget section */

/* Begin PBXProject section */
		6E1EC4921AA2A5B40036EC11 /* Project object */ = {
			isa = PBXProject;
			attributes = {
				LastUpgradeCheck = 0630;
				ORGANIZATIONNAME = Liz;
				TargetAttributes = {
					6E1EC4991AA2A5B40036EC11 = {
						CreatedOnToolsVersion = 6.3;
					};
					6E1EC4A91AA2A5B40036EC11 = {
						CreatedOnToolsVersion = 6.3;
						TestTargetID = 6E1EC4991AA2A5B40036EC11;
					};
					6E1EC4BD1AA2A5D60036EC11 = {
						CreatedOnToolsVersion = 6.3;
					};
				};
			};
			buildConfigurationList = 6E1EC4951AA2A5B40036EC11 /* Build configuration list for PBXProject "CountdownWidget" */;
			compatibilityVersion = "Xcode 3.2";
			developmentRegion = English;
			hasScannedForEncodings = 0;
			knownRegions = (
				en,
				Base,
			);
			mainGroup = 6E1EC4911AA2A5B40036EC11;
			productRefGroup = 6E1EC49B1AA2A5B40036EC11 /* Products */;
			projectDirPath = "";
			projectRoot = "";
			targets = (
				6E1EC4991AA2A5B40036EC11 /* CountdownWidget */,
				6E1EC4A91AA2A5B40036EC11 /* CountdownWidgetTests */,
				6E1EC4BD1AA2A5D60036EC11 /* CountdownTodayWidget */,
			);
		};
/* End PBXProject section */

/* Begin PBXResourcesBuildPhase section */
		6E1EC4981AA2A5B40036EC11 /* Resources */ = {
			isa = PBXResourcesBuildPhase;
			buildActionMask = 2147483647;
			files = (
				6E1EC4A21AA2A5B40036EC11 /* Images.xcassets in Resources */,
				6E1EC4A51AA2A5B40036EC11 /* MainMenu.xib in Resources */,
			);
			runOnlyForDeploymentPostprocessing = 0;
		};
		6E1EC4A81AA2A5B40036EC11 /* Resources */ = {
			isa = PBXResourcesBuildPhase;
			buildActionMask = 2147483647;
			files = (
			);
			runOnlyForDeploymentPostprocessing = 0;
		};
		6E1EC4BC1AA2A5D60036EC11 /* Resources */ = {
			isa = PBXResourcesBuildPhase;
			buildActionMask = 2147483647;
			files = (
				6E1EC4CC1AA2A5D60036EC11 /* TodayViewController.xib in Resources */,
				6E1EC4C81AA2A5D60036EC11 /* InfoPlist.strings in Resources */,
			);
			runOnlyForDeploymentPostprocessing = 0;
		};
/* End PBXResourcesBuildPhase section */

/* Begin PBXSourcesBuildPhase section */
		6E1EC4961AA2A5B40036EC11 /* Sources */ = {
			isa = PBXSourcesBuildPhase;
			buildActionMask = 2147483647;
			files = (
				6E1EC4A01AA2A5B40036EC11 /* AppDelegate.swift in Sources */,
			);
			runOnlyForDeploymentPostprocessing = 0;
		};
		6E1EC4A61AA2A5B40036EC11 /* Sources */ = {
			isa = PBXSourcesBuildPhase;
			buildActionMask = 2147483647;
			files = (
				6E1EC4B11AA2A5B40036EC11 /* CountdownWidgetTests.swift in Sources */,
			);
			runOnlyForDeploymentPostprocessing = 0;
		};
		6E1EC4BA1AA2A5D60036EC11 /* Sources */ = {
			isa = PBXSourcesBuildPhase;
			buildActionMask = 2147483647;
			files = (
				6E1EC4CA1AA2A5D60036EC11 /* TodayViewController.swift in Sources */,
			);
			runOnlyForDeploymentPostprocessing = 0;
		};
/* End PBXSourcesBuildPhase section */

/* Begin PBXTargetDependency section */
		6E1EC4AC1AA2A5B40036EC11 /* PBXTargetDependency */ = {
			isa = PBXTargetDependency;
			target = 6E1EC4991AA2A5B40036EC11 /* CountdownWidget */;
			targetProxy = 6E1EC4AB1AA2A5B40036EC11 /* PBXContainerItemProxy */;
		};
		6E1EC4CE1AA2A5D60036EC11 /* PBXTargetDependency */ = {
			isa = PBXTargetDependency;
			target = 6E1EC4BD1AA2A5D60036EC11 /* CountdownTodayWidget */;
			targetProxy = 6E1EC4CD1AA2A5D60036EC11 /* PBXContainerItemProxy */;
		};
/* End PBXTargetDependency section */

/* Begin PBXVariantGroup section */
		6E1EC4A31AA2A5B40036EC11 /* MainMenu.xib */ = {
			isa = PBXVariantGroup;
			children = (
				6E1EC4A41AA2A5B40036EC11 /* Base */,
			);
			name = MainMenu.xib;
			sourceTree = "<group>";
		};
		6E1EC4C61AA2A5D60036EC11 /* InfoPlist.strings */ = {
			isa = PBXVariantGroup;
			children = (
				6E1EC4C71AA2A5D60036EC11 /* en */,
			);
			name = InfoPlist.strings;
			sourceTree = "<group>";
		};
/* End PBXVariantGroup section */

/* Begin XCBuildConfiguration section */
		6E1EC4B21AA2A5B40036EC11 /* Debug */ = {
			isa = XCBuildConfiguration;
			buildSettings = {
				ALWAYS_SEARCH_USER_PATHS = NO;
				CLANG_CXX_LANGUAGE_STANDARD = "gnu++0x";
				CLANG_CXX_LIBRARY = "libc++";
				CLANG_ENABLE_MODULES = YES;
				CLANG_ENABLE_OBJC_ARC = YES;
				CLANG_WARN_BOOL_CONVERSION = YES;
				CLANG_WARN_CONSTANT_CONVERSION = YES;
				CLANG_WARN_DIRECT_OBJC_ISA_USAGE = YES_ERROR;
				CLANG_WARN_EMPTY_BODY = YES;
				CLANG_WARN_ENUM_CONVERSION = YES;
				CLANG_WARN_INT_CONVERSION = YES;
				CLANG_WARN_OBJC_ROOT_CLASS = YES_ERROR;
				CLANG_WARN_UNREACHABLE_CODE = YES;
				CLANG_WARN__DUPLICATE_METHOD_MATCH = YES;
				CODE_SIGN_IDENTITY = "-";
				COPY_PHASE_STRIP = NO;
				DEBUG_INFORMATION_FORMAT = dwarf;
				ENABLE_STRICT_OBJC_MSGSEND = YES;
				GCC_C_LANGUAGE_STANDARD = gnu99;
				GCC_DYNAMIC_NO_PIC = NO;
				GCC_NO_COMMON_BLOCKS = YES;
				GCC_OPTIMIZATION_LEVEL = 0;
				GCC_PREPROCESSOR_DEFINITIONS = (
					"DEBUG=1",
					"$(inherited)",
				);
				GCC_SYMBOLS_PRIVATE_EXTERN = NO;
				GCC_WARN_64_TO_32_BIT_CONVERSION = YES;
				GCC_WARN_ABOUT_RETURN_TYPE = YES_ERROR;
				GCC_WARN_UNDECLARED_SELECTOR = YES;
				GCC_WARN_UNINITIALIZED_AUTOS = YES_AGGRESSIVE;
				GCC_WARN_UNUSED_FUNCTION = YES;
				GCC_WARN_UNUSED_VARIABLE = YES;
				MACOSX_DEPLOYMENT_TARGET = 10.10;
				MTL_ENABLE_DEBUG_INFO = YES;
				ONLY_ACTIVE_ARCH = YES;
				SDKROOT = macosx;
				SWIFT_OPTIMIZATION_LEVEL = "-Onone";
			};
			name = Debug;
		};
		6E1EC4B31AA2A5B40036EC11 /* Release */ = {
			isa = XCBuildConfiguration;
			buildSettings = {
				ALWAYS_SEARCH_USER_PATHS = NO;
				CLANG_CXX_LANGUAGE_STANDARD = "gnu++0x";
				CLANG_CXX_LIBRARY = "libc++";
				CLANG_ENABLE_MODULES = YES;
				CLANG_ENABLE_OBJC_ARC = YES;
				CLANG_WARN_BOOL_CONVERSION = YES;
				CLANG_WARN_CONSTANT_CONVERSION = YES;
				CLANG_WARN_DIRECT_OBJC_ISA_USAGE = YES_ERROR;
				CLANG_WARN_EMPTY_BODY = YES;
				CLANG_WARN_ENUM_CONVERSION = YES;
				CLANG_WARN_INT_CONVERSION = YES;
				CLANG_WARN_OBJC_ROOT_CLASS = YES_ERROR;
				CLANG_WARN_UNREACHABLE_CODE = YES;
				CLANG_WARN__DUPLICATE_METHOD_MATCH = YES;
				CODE_SIGN_IDENTITY = "-";
				COPY_PHASE_STRIP = NO;
				DEBUG_INFORMATION_FORMAT = "dwarf-with-dsym";
				ENABLE_NS_ASSERTIONS = NO;
				ENABLE_STRICT_OBJC_MSGSEND = YES;
				GCC_C_LANGUAGE_STANDARD = gnu99;
				GCC_NO_COMMON_BLOCKS = YES;
				GCC_WARN_64_TO_32_BIT_CONVERSION = YES;
				GCC_WARN_ABOUT_RETURN_TYPE = YES_ERROR;
				GCC_WARN_UNDECLARED_SELECTOR = YES;
				GCC_WARN_UNINITIALIZED_AUTOS = YES_AGGRESSIVE;
				GCC_WARN_UNUSED_FUNCTION = YES;
				GCC_WARN_UNUSED_VARIABLE = YES;
				MACOSX_DEPLOYMENT_TARGET = 10.10;
				MTL_ENABLE_DEBUG_INFO = NO;
				SDKROOT = macosx;
			};
			name = Release;
		};
		6E1EC4B51AA2A5B40036EC11 /* Debug */ = {
			isa = XCBuildConfiguration;
			buildSettings = {
				ASSETCATALOG_COMPILER_APPICON_NAME = AppIcon;
				COMBINE_HIDPI_IMAGES = YES;
				EMBEDDED_CONTENT_CONTAINS_SWIFT = YES;
				INFOPLIST_FILE = CountdownWidget/Info.plist;
				LD_RUNPATH_SEARCH_PATHS = "$(inherited) @executable_path/../Frameworks";
				PRODUCT_NAME = "$(TARGET_NAME)";
			};
			name = Debug;
		};
		6E1EC4B61AA2A5B40036EC11 /* Release */ = {
			isa = XCBuildConfiguration;
			buildSettings = {
				ASSETCATALOG_COMPILER_APPICON_NAME = AppIcon;
				COMBINE_HIDPI_IMAGES = YES;
				EMBEDDED_CONTENT_CONTAINS_SWIFT = YES;
				INFOPLIST_FILE = CountdownWidget/Info.plist;
				LD_RUNPATH_SEARCH_PATHS = "$(inherited) @executable_path/../Frameworks";
				PRODUCT_NAME = "$(TARGET_NAME)";
			};
			name = Release;
		};
		6E1EC4B81AA2A5B40036EC11 /* Debug */ = {
			isa = XCBuildConfiguration;
			buildSettings = {
				BUNDLE_LOADER = "$(TEST_HOST)";
				COMBINE_HIDPI_IMAGES = YES;
				FRAMEWORK_SEARCH_PATHS = (
					"$(DEVELOPER_FRAMEWORKS_DIR)",
					"$(inherited)",
				);
				GCC_PREPROCESSOR_DEFINITIONS = (
					"DEBUG=1",
					"$(inherited)",
				);
				INFOPLIST_FILE = CountdownWidgetTests/Info.plist;
				LD_RUNPATH_SEARCH_PATHS = "$(inherited) @executable_path/../Frameworks @loader_path/../Frameworks";
				PRODUCT_NAME = "$(TARGET_NAME)";
				TEST_HOST = "$(BUILT_PRODUCTS_DIR)/CountdownWidget.app/Contents/MacOS/CountdownWidget";
			};
			name = Debug;
		};
		6E1EC4B91AA2A5B40036EC11 /* Release */ = {
			isa = XCBuildConfiguration;
			buildSettings = {
				BUNDLE_LOADER = "$(TEST_HOST)";
				COMBINE_HIDPI_IMAGES = YES;
				FRAMEWORK_SEARCH_PATHS = (
					"$(DEVELOPER_FRAMEWORKS_DIR)",
					"$(inherited)",
				);
				INFOPLIST_FILE = CountdownWidgetTests/Info.plist;
				LD_RUNPATH_SEARCH_PATHS = "$(inherited) @executable_path/../Frameworks @loader_path/../Frameworks";
				PRODUCT_NAME = "$(TARGET_NAME)";
				TEST_HOST = "$(BUILT_PRODUCTS_DIR)/CountdownWidget.app/Contents/MacOS/CountdownWidget";
			};
			name = Release;
		};
		6E1EC4D11AA2A5D60036EC11 /* Debug */ = {
			isa = XCBuildConfiguration;
			buildSettings = {
				CODE_SIGN_ENTITLEMENTS = CountdownTodayWidget/CountdownTodayWidget.entitlements;
				CODE_SIGN_IDENTITY = "-";
				COMBINE_HIDPI_IMAGES = YES;
				GCC_PREPROCESSOR_DEFINITIONS = (
					"DEBUG=1",
					"$(inherited)",
				);
				INFOPLIST_FILE = CountdownTodayWidget/Info.plist;
				LD_RUNPATH_SEARCH_PATHS = "$(inherited) @executable_path/../Frameworks @executable_path/../../../../Frameworks";
				PRODUCT_NAME = "$(TARGET_NAME)";
				SKIP_INSTALL = YES;
			};
			name = Debug;
		};
		6E1EC4D21AA2A5D60036EC11 /* Release */ = {
			isa = XCBuildConfiguration;
			buildSettings = {
				CODE_SIGN_ENTITLEMENTS = CountdownTodayWidget/CountdownTodayWidget.entitlements;
				CODE_SIGN_IDENTITY = "-";
				COMBINE_HIDPI_IMAGES = YES;
				INFOPLIST_FILE = CountdownTodayWidget/Info.plist;
				LD_RUNPATH_SEARCH_PATHS = "$(inherited) @executable_path/../Frameworks @executable_path/../../../../Frameworks";
				PRODUCT_NAME = "$(TARGET_NAME)";
				SKIP_INSTALL = YES;
			};
			name = Release;
		};
/* End XCBuildConfiguration section */

/* Begin XCConfigurationList section */
		6E1EC4951AA2A5B40036EC11 /* Build configuration list for PBXProject "CountdownWidget" */ = {
			isa = XCConfigurationList;
			buildConfigurations = (
				6E1EC4B21AA2A5B40036EC11 /* Debug */,
				6E1EC4B31AA2A5B40036EC11 /* Release */,
			);
			defaultConfigurationIsVisible = 0;
			defaultConfigurationName = Release;
		};
		6E1EC4B41AA2A5B40036EC11 /* Build configuration list for PBXNativeTarget "CountdownWidget" */ = {
			isa = XCConfigurationList;
			buildConfigurations = (
				6E1EC4B51AA2A5B40036EC11 /* Debug */,
				6E1EC4B61AA2A5B40036EC11 /* Release */,
			);
			defaultConfigurationIsVisible = 0;
			defaultConfigurationName = Release;
		};
		6E1EC4B71AA2A5B40036EC11 /* Build configuration list for PBXNativeTarget "CountdownWidgetTests" */ = {
			isa = XCConfigurationList;
			buildConfigurations = (
				6E1EC4B81AA2A5B40036EC11 /* Debug */,
				6E1EC4B91AA2A5B40036EC11 /* Release */,
			);
			defaultConfigurationIsVisible = 0;
			defaultConfigurationName = Release;
		};
		6E1EC4D01AA2A5D60036EC11 /* Build configuration list for PBXNativeTarget "CountdownTodayWidget" */ = {
			isa = XCConfigurationList;
			buildConfigurations = (
				6E1EC4D11AA2A5D60036EC11 /* Debug */,
				6E1EC4D21AA2A5D60036EC11 /* Release */,
			);
			defaultConfigurationIsVisible = 0;
			defaultConfigurationName = Release;
		};
/* End XCConfigurationList section */
	};
	rootObject = 6E1EC4921AA2A5B40036EC11 /* Project object */;
}
